
Microsoft Visual Studio Solution File, Format Version 12.00
# Visual Studio 15
VisualStudioVersion = 15.0.26228.9
MinimumVisualStudioVersion = 10.0.40219.1
Project("{FAE04EC0-301F-11D3-BF4B-00C04F79EFBC}") = "Website", "Website\Website.csproj", "{C11A4521-D7CB-42EF-B090-78C57EB9A009}"
EndProject
Project("{FAE04EC0-301F-11D3-BF4B-00C04F79EFBC}") = "DemoIdentity", "DemoIdentity\DemoIdentity.csproj", "{A61B7A34-22BA-4FE2-A3C6-91BE7E504821}"
EndProject
Global
	GlobalSection(SolutionConfigurationPlatforms) = preSolution
		Debug|Any CPU = Debug|Any CPU
		Release|Any CPU = Release|Any CPU
	EndGlobalSection
	GlobalSection(ProjectConfigurationPlatforms) = postSolution
		{C11A4521-D7CB-42EF-B090-78C57EB9A009}.Debug|Any CPU.ActiveCfg = Debug|Any CPU
		{C11A4521-D7CB-42EF-B090-78C57EB9A009}.Debug|Any CPU.Build.0 = Debug|Any CPU
		{C11A4521-D7CB-42EF-B090-78C57EB9A009}.Release|Any CPU.ActiveCfg = Release|Any CPU
		{C11A4521-D7CB-42EF-B090-78C57EB9A009}.Release|Any CPU.Build.0 = Release|Any CPU
		{A61B7A34-22BA-4FE2-A3C6-91BE7E504821}.Debug|Any CPU.ActiveCfg = Debug|Any CPU
		{A61B7A34-22BA-4FE2-A3C6-91BE7E504821}.Debug|Any CPU.Build.0 = Debug|Any CPU
		{A61B7A34-22BA-4FE2-A3C6-91BE7E504821}.Release|Any CPU.ActiveCfg = Release|Any CPU
		{A61B7A34-22BA-4FE2-A3C6-91BE7E504821}.Release|Any CPU.Build.0 = Release|Any CPU
	EndGlobalSection
	GlobalSection(SolutionProperties) = preSolution
		HideSolutionNode = FALSE
	EndGlobalSection
EndGlobal
